
Microsoft Visual Studio Solution File, Format Version 12.00
# Visual Studio Version 17
VisualStudioVersion = 17.0.31903.59
MinimumVisualStudioVersion = 10.0.40219.1
Project("{FAE04EC0-301F-11D3-BF4B-00C04F79EFBC}") = "API", "API\API.csproj", "{5AEBA6F7-F3B8-4AF4-9D7E-24266DFE2AEB}"
EndProject
Project("{FAE04EC0-301F-11D3-BF4B-00C04F79EFBC}") = "Application", "Application\Application.csproj", "{FC5F6DDA-B10C-4191-B16C-D57F7DD4DC03}"
EndProject
Project("{FAE04EC0-301F-11D3-BF4B-00C04F79EFBC}") = "Domain", "Domain\Domain.csproj", "{8B560793-FBE9-473C-AFB4-0438C5E3CD52}"
EndProject
Project("{FAE04EC0-301F-11D3-BF4B-00C04F79EFBC}") = "Persistence", "Persistence\Persistence.csproj", "{17A37B8C-5E8B-4EA3-B12F-6C350A56F69A}"
EndProject
Global
	GlobalSection(SolutionConfigurationPlatforms) = preSolution
		Debug|Any CPU = Debug|Any CPU
		Release|Any CPU = Release|Any CPU
	EndGlobalSection
	GlobalSection(SolutionProperties) = preSolution
		HideSolutionNode = FALSE
	EndGlobalSection
	GlobalSection(ProjectConfigurationPlatforms) = postSolution
		{5AEBA6F7-F3B8-4AF4-9D7E-24266DFE2AEB}.Debug|Any CPU.ActiveCfg = Debug|Any CPU
		{5AEBA6F7-F3B8-4AF4-9D7E-24266DFE2AEB}.Debug|Any CPU.Build.0 = Debug|Any CPU
		{5AEBA6F7-F3B8-4AF4-9D7E-24266DFE2AEB}.Release|Any CPU.ActiveCfg = Release|Any CPU
		{5AEBA6F7-F3B8-4AF4-9D7E-24266DFE2AEB}.Release|Any CPU.Build.0 = Release|Any CPU
		{FC5F6DDA-B10C-4191-B16C-D57F7DD4DC03}.Debug|Any CPU.ActiveCfg = Debug|Any CPU
		{FC5F6DDA-B10C-4191-B16C-D57F7DD4DC03}.Debug|Any CPU.Build.0 = Debug|Any CPU
		{FC5F6DDA-B10C-4191-B16C-D57F7DD4DC03}.Release|Any CPU.ActiveCfg = Release|Any CPU
		{FC5F6DDA-B10C-4191-B16C-D57F7DD4DC03}.Release|Any CPU.Build.0 = Release|Any CPU
		{8B560793-FBE9-473C-AFB4-0438C5E3CD52}.Debug|Any CPU.ActiveCfg = Debug|Any CPU
		{8B560793-FBE9-473C-AFB4-0438C5E3CD52}.Debug|Any CPU.Build.0 = Debug|Any CPU
		{8B560793-FBE9-473C-AFB4-0438C5E3CD52}.Release|Any CPU.ActiveCfg = Release|Any CPU
		{8B560793-FBE9-473C-AFB4-0438C5E3CD52}.Release|Any CPU.Build.0 = Release|Any CPU
		{17A37B8C-5E8B-4EA3-B12F-6C350A56F69A}.Debug|Any CPU.ActiveCfg = Debug|Any CPU
		{17A37B8C-5E8B-4EA3-B12F-6C350A56F69A}.Debug|Any CPU.Build.0 = Debug|Any CPU
		{17A37B8C-5E8B-4EA3-B12F-6C350A56F69A}.Release|Any CPU.ActiveCfg = Release|Any CPU
		{17A37B8C-5E8B-4EA3-B12F-6C350A56F69A}.Release|Any CPU.Build.0 = Release|Any CPU
	EndGlobalSection
EndGlobal
